# THIS IS AN AUTOGENERATED FILE. DO NOT EDIT THIS FILE DIRECTLY.
# yarn lockfile v1


react-dev-tools@^0.0.1:
  version "0.0.1"
  resolved "https://registry.yarnpkg.com/react-dev-tools/-/react-dev-tools-0.0.1.tgz#f7cf35ad701db3c028280c632767fba6dba13ac7"
  integrity sha1-9881rXAds8AoKAxjJ2f7ptuhOsc=
